
Microsoft Visual Studio Solution File, Format Version 12.00
# Visual Studio Version 17
VisualStudioVersion = 17.0.31512.422
MinimumVisualStudioVersion = 10.0.40219.1
Project("{9A19103F-16F7-4668-BE54-9A1E7A4F7556}") = "HeroesProfile.Console", "HeroesProfile.Console\HeroesProfile.Console.csproj", "{6F776356-C7C0-4DCA-85DA-F874D2C9BB15}"
EndProject
Project("{9A19103F-16F7-4668-BE54-9A1E7A4F7556}") = "HeroesProfile.Core", "HeroesProfile.Core\HeroesProfile.Core.csproj", "{23748E43-11DD-4110-BD4B-9215BDD78484}"
EndProject
Project("{FAE04EC0-301F-11D3-BF4B-00C04F79EFBC}") = "HeroesProfile.Maui", "HeroesProfile.Maui\HeroesProfile.Maui.csproj", "{248B0921-C456-438D-B01D-36EC23127EC2}"
EndProject
Global
	GlobalSection(SolutionConfigurationPlatforms) = preSolution
		Debug|Any CPU = Debug|Any CPU
		Debug|x64 = Debug|x64
		Release|Any CPU = Release|Any CPU
		Release|x64 = Release|x64
	EndGlobalSection
	GlobalSection(ProjectConfigurationPlatforms) = postSolution
		{6F776356-C7C0-4DCA-85DA-F874D2C9BB15}.Debug|Any CPU.ActiveCfg = Debug|Any CPU
		{6F776356-C7C0-4DCA-85DA-F874D2C9BB15}.Debug|Any CPU.Build.0 = Debug|Any CPU
		{6F776356-C7C0-4DCA-85DA-F874D2C9BB15}.Debug|x64.ActiveCfg = Debug|Any CPU
		{6F776356-C7C0-4DCA-85DA-F874D2C9BB15}.Debug|x64.Build.0 = Debug|Any CPU
		{6F776356-C7C0-4DCA-85DA-F874D2C9BB15}.Release|Any CPU.ActiveCfg = Release|Any CPU
		{6F776356-C7C0-4DCA-85DA-F874D2C9BB15}.Release|Any CPU.Build.0 = Release|Any CPU
		{6F776356-C7C0-4DCA-85DA-F874D2C9BB15}.Release|x64.ActiveCfg = Release|Any CPU
		{6F776356-C7C0-4DCA-85DA-F874D2C9BB15}.Release|x64.Build.0 = Release|Any CPU
		{23748E43-11DD-4110-BD4B-9215BDD78484}.Debug|Any CPU.ActiveCfg = Debug|Any CPU
		{23748E43-11DD-4110-BD4B-9215BDD78484}.Debug|Any CPU.Build.0 = Debug|Any CPU
		{23748E43-11DD-4110-BD4B-9215BDD78484}.Debug|x64.ActiveCfg = Debug|Any CPU
		{23748E43-11DD-4110-BD4B-9215BDD78484}.Debug|x64.Build.0 = Debug|Any CPU
		{23748E43-11DD-4110-BD4B-9215BDD78484}.Release|Any CPU.ActiveCfg = Release|Any CPU
		{23748E43-11DD-4110-BD4B-9215BDD78484}.Release|Any CPU.Build.0 = Release|Any CPU
		{23748E43-11DD-4110-BD4B-9215BDD78484}.Release|x64.ActiveCfg = Release|Any CPU
		{23748E43-11DD-4110-BD4B-9215BDD78484}.Release|x64.Build.0 = Release|Any CPU
		{248B0921-C456-438D-B01D-36EC23127EC2}.Debug|Any CPU.ActiveCfg = Debug|Any CPU
		{248B0921-C456-438D-B01D-36EC23127EC2}.Debug|Any CPU.Build.0 = Debug|Any CPU
		{248B0921-C456-438D-B01D-36EC23127EC2}.Debug|Any CPU.Deploy.0 = Debug|Any CPU
		{248B0921-C456-438D-B01D-36EC23127EC2}.Debug|x64.ActiveCfg = Debug|Any CPU
		{248B0921-C456-438D-B01D-36EC23127EC2}.Debug|x64.Build.0 = Debug|Any CPU
		{248B0921-C456-438D-B01D-36EC23127EC2}.Debug|x64.Deploy.0 = Debug|Any CPU
		{248B0921-C456-438D-B01D-36EC23127EC2}.Release|Any CPU.ActiveCfg = Release|Any CPU
		{248B0921-C456-438D-B01D-36EC23127EC2}.Release|Any CPU.Build.0 = Release|Any CPU
		{248B0921-C456-438D-B01D-36EC23127EC2}.Release|Any CPU.Deploy.0 = Release|Any CPU
		{248B0921-C456-438D-B01D-36EC23127EC2}.Release|x64.ActiveCfg = Release|Any CPU
		{248B0921-C456-438D-B01D-36EC23127EC2}.Release|x64.Build.0 = Release|Any CPU
		{248B0921-C456-438D-B01D-36EC23127EC2}.Release|x64.Deploy.0 = Release|Any CPU
	EndGlobalSection
	GlobalSection(SolutionProperties) = preSolution
		HideSolutionNode = FALSE
	EndGlobalSection
	GlobalSection(ExtensibilityGlobals) = postSolution
		SolutionGuid = {309D5BE0-032B-4EE6-913D-D2BE3E315980}
	EndGlobalSection
EndGlobal
